
Microsoft Visual Studio Solution File, Format Version 12.00
# Visual Studio Version 16
VisualStudioVersion = 16.0.33328.57
MinimumVisualStudioVersion = 10.0.40219.1
Project("{9A19103F-16F7-4668-BE54-9A1E7A4F7556}") = "BlazorWebApp", "BlazorWebApp\BlazorWebApp.csproj", "{EAA36679-3C61-43F9-AD47-1D20357DAE52}"
EndProject
Global
	GlobalSection(SolutionConfigurationPlatforms) = preSolution
		Debug|Any CPU = Debug|Any CPU
		Release|Any CPU = Release|Any CPU
	EndGlobalSection
	GlobalSection(ProjectConfigurationPlatforms) = postSolution
		{EAA36679-3C61-43F9-AD47-1D20357DAE52}.Debug|Any CPU.ActiveCfg = Debug|Any CPU
		{EAA36679-3C61-43F9-AD47-1D20357DAE52}.Debug|Any CPU.Build.0 = Debug|Any CPU
		{EAA36679-3C61-43F9-AD47-1D20357DAE52}.Release|Any CPU.ActiveCfg = Release|Any CPU
		{EAA36679-3C61-43F9-AD47-1D20357DAE52}.Release|Any CPU.Build.0 = Release|Any CPU
	EndGlobalSection
	GlobalSection(SolutionProperties) = preSolution
		HideSolutionNode = FALSE
	EndGlobalSection
	GlobalSection(ExtensibilityGlobals) = postSolution
		SolutionGuid = {1FC9AA2A-E4B7-409C-81DC-6A522D130B76}
	EndGlobalSection
EndGlobal
